<?xml version="1.0" encoding="utf-8"?>
<Project ToolsVersion="4.0" xmlns="http://schemas.microsoft.com/developer/msbuild/2003">
  <ItemGroup>
    <Filter Include="소스 파일">
      <UniqueIdentifier>{4FC737F1-C7A5-4376-A066-2A32D752A2FF}</UniqueIdentifier>
      <Extensions>cpp;c;cc;cxx;c++;cppm;ixx;def;odl;idl;hpj;bat;asm;asmx</Extensions>
    </Filter>
    <Filter Include="헤더 파일">
      <UniqueIdentifier>{93995380-89BD-4b04-88EB-625FBE52EBFB}</UniqueIdentifier>
      <Extensions>h;hh;hpp;hxx;h++;hm;inl;inc;ipp;xsd</Extensions>
    </Filter>
    <Filter Include="리소스 파일">
      <UniqueIdentifier>{67DA6AB6-F800-4c08-8B7A-83BB121AAD01}</UniqueIdentifier>
      <Extensions>rc;ico;cur;bmp;dlg;rc2;rct;bin;rgs;gif;jpg;jpeg;jpe;resx;tiff;tif;png;wav;mfcribbon-ms</Extensions>
    </Filter>
  </ItemGroup>
  <ItemGroup>
    <ClInclude Include="test.hpp">
      <Filter>헤더 파일</Filter>
    </ClInclude>
    <ClInclude Include="chatDB.hpp">
      <Filter>헤더 파일</Filter>
    </ClInclude>
    <ClInclude Include="chatDB2.hpp">
      <Filter>헤더 파일</Filter>
    </ClInclude>
    <ClInclude Include="test2.hpp">
      <Filter>헤더 파일</Filter>
    </ClInclude>
    <ClInclude Include="test1_1.hpp">
      <Filter>헤더 파일</Filter>
    </ClInclude>
    <ClInclude Include="그냥만들어본test.hpp">
      <Filter>헤더 파일</Filter>
    </ClInclude>
    <ClInclude Include="일test1.hpp">
      <Filter>헤더 파일</Filter>
    </ClInclude>
    <ClInclude Include="금testbas.hpp">
      <Filter>헤더 파일</Filter>
    </ClInclude>
    <ClInclude Include="일testDB건드리는거.hpp">
      <Filter>헤더 파일</Filter>
    </ClInclude>
  </ItemGroup>
  <ItemGroup>
    <ClCompile Include="main.cpp">
      <Filter>소스 파일</Filter>
    </ClCompile>
    <ClCompile Include="main2.cpp">
      <Filter>소스 파일</Filter>
    </ClCompile>
    <ClCompile Include="test3.hpp">
      <Filter>헤더 파일</Filter>
    </ClCompile>
    <ClCompile Include="test1_.hpp">
      <Filter>헤더 파일</Filter>
    </ClCompile>
    <ClCompile Include="tes1_vector.hpp">
      <Filter>헤더 파일</Filter>
    </ClCompile>
    <ClCompile Include="일testbaes.hpp">
      <Filter>헤더 파일</Filter>
    </ClCompile>
    <ClCompile Include="test수정본.cpp">
      <Filter>헤더 파일</Filter>
    </ClCompile>
    <ClCompile Include="일요일 모작 test.cpp">
      <Filter>헤더 파일</Filter>
    </ClCompile>
    <ClCompile Include="DB쿼리문건드린거.cpp">
      <Filter>헤더 파일</Filter>
    </ClCompile>
    <ClCompile Include="15개 출력은가능한데 나머지는도 역순으로 바꿔버림.hpp">
      <Filter>헤더 파일</Filter>
    </ClCompile>
    <ClCompile Include="화요일 API 출력 완성전.hpp">
      <Filter>헤더 파일</Filter>
    </ClCompile>
    <ClCompile Include="화요일 API연동후 출력 msg_id가 출력됨.hpp">
      <Filter>헤더 파일</Filter>
    </ClCompile>
    <ClCompile Include="화요일 최종본.hpp">
      <Filter>헤더 파일</Filter>
    </ClCompile>
    <ClCompile Include="login.hpp">
      <Filter>헤더 파일</Filter>
    </ClCompile>
    <ClCompile Include="login_find.hpp">
      <Filter>헤더 파일</Filter>
    </ClCompile>
    <ClCompile Include="main_login_find.cpp">
      <Filter>소스 파일</Filter>
    </ClCompile>
    <ClCompile Include="login_find_fin.cpp">
      <Filter>헤더 파일</Filter>
    </ClCompile>
    <ClCompile Include="main_login_find_fin.cpp">
      <Filter>소스 파일</Filter>
    </ClCompile>
  </ItemGroup>
</Project>